PODS:
  - CNjacobBleManagerKit (0.1.0)
  - Kiwi (3.0.0)

DEPENDENCIES:
  - CNjacobBleManagerKit (from `../`)
  - Kiwi

SPEC REPOS:
  https://github.com/cocoapods/specs.git:
    - Kiwi

EXTERNAL SOURCES:
  CNjacobBleManagerKit:
    :path: "../"

SPEC CHECKSUMS:
  CNjacobBleManagerKit: b59830fc7cff66b2c5189c9e9ca020813f2288f5
  Kiwi: fbeafef0f00e4d8f7dcb3420a4930afe70af77f7

PODFILE CHECKSUM: e4c74390714de18a4e3c4a7f3ab248c6f51452fc

COCOAPODS: 1.6.0
